// !$*UTF8*$!
{
	archiveVersion = 1;
	classes = {
	};
	objectVersion = 51;
	objects = {

/* Begin PBXBuildFile section */
		113F636A225B84E100C711AC /* VideoFilesController.swift in Sources */ = {isa = PBXBuildFile; fileRef = 113F6369225B84E100C711AC /* VideoFilesController.swift */; };
		11428E8B225CA5E300B0628F /* Localizable.strings in Resources */ = {isa = PBXBuildFile; fileRef = 11428E8D225CA5E300B0628F /* Localizable.strings */; };
		1169AD9A22500A3700DF6D47 /* CloudKit.framework in Frameworks */ = {isa = PBXBuildFile; fileRef = 1169AD9922500A3700DF6D47 /* CloudKit.framework */; };
		1169ADA022500BD700DF6D47 /* Network.swift in Sources */ = {isa = PBXBuildFile; fileRef = 1169AD9F22500BD700DF6D47 /* Network.swift */; };
		1169ADA222500BFC00DF6D47 /* StartViewController.swift in Sources */ = {isa = PBXBuildFile; fileRef = 1169ADA122500BFB00DF6D47 /* StartViewController.swift */; };
		1169ADA422500C2600DF6D47 /* ViewController.swift in Sources */ = {isa = PBXBuildFile; fileRef = 1169ADA322500C2600DF6D47 /* ViewController.swift */; };
		11B5F7D52254A5620070A548 /* InfoPanels.swift in Sources */ = {isa = PBXBuildFile; fileRef = 11B5F7D42254A5620070A548 /* InfoPanels.swift */; };
		11B5F7DA2254D8030070A548 /* TaptickFeedback.swift in Sources */ = {isa = PBXBuildFile; fileRef = 11B5F7D92254D8030070A548 /* TaptickFeedback.swift */; };
		11B8CEBF22648FBF00E59F86 /* Panel.swift in Sources */ = {isa = PBXBuildFile; fileRef = 11B8CEBE22648FBF00E59F86 /* Panel.swift */; };
		11D7EF3F2250088D00444321 /* AppDelegate.swift in Sources */ = {isa = PBXBuildFile; fileRef = 11D7EF3E2250088D00444321 /* AppDelegate.swift */; };
		11D7EF442250088D00444321 /* Main.storyboard in Resources */ = {isa = PBXBuildFile; fileRef = 11D7EF422250088D00444321 /* Main.storyboard */; };
		11D7EF462250088E00444321 /* Assets.xcassets in Resources */ = {isa = PBXBuildFile; fileRef = 11D7EF452250088E00444321 /* Assets.xcassets */; };
		11F00908225767610055D548 /* PanelCellController.swift in Sources */ = {isa = PBXBuildFile; fileRef = 11F00907225767610055D548 /* PanelCellController.swift */; };
		46731E0E7C595A17305174F5 /* Pods_InfoPanel.framework in Frameworks */ = {isa = PBXBuildFile; fileRef = 86A904EFC5FA8EB43C9799A4 /* Pods_InfoPanel.framework */; settings = {ATTRIBUTES = (Required, ); }; };
		EE9A1BB82338C0A600210258 /* MainInterface.storyboard in Resources */ = {isa = PBXBuildFile; fileRef = EE9A1BB62338C0A600210258 /* MainInterface.storyboard */; };
		EE9A1BBC2338C0A600210258 /* InfoPanelExtension.appex in Embed App Extensions */ = {isa = PBXBuildFile; fileRef = EE9A1BB22338C0A600210258 /* InfoPanelExtension.appex */; settings = {ATTRIBUTES = (RemoveHeadersOnCopy, ); }; };
		EEBD0A842338E432006487BC /* ShareViewController.swift in Sources */ = {isa = PBXBuildFile; fileRef = EEBD0A832338E432006487BC /* ShareViewController.swift */; };
		EEC1DE4622EDC3C6007B5353 /* Launch Screen.storyboard in Resources */ = {isa = PBXBuildFile; fileRef = EEC1DE4522EDC3C6007B5353 /* Launch Screen.storyboard */; };
/* End PBXBuildFile section */

/* Begin PBXContainerItemProxy section */
		EE9A1BBA2338C0A600210258 /* PBXContainerItemProxy */ = {
			isa = PBXContainerItemProxy;
			containerPortal = 11D7EF332250088D00444321 /* Project object */;
			proxyType = 1;
			remoteGlobalIDString = EE9A1BB12338C0A600210258;
			remoteInfo = InfoPanelExtension;
		};
/* End PBXContainerItemProxy section */

/* Begin PBXCopyFilesBuildPhase section */
		EE9A1BBD2338C0A600210258 /* Embed App Extensions */ = {
			isa = PBXCopyFilesBuildPhase;
			buildActionMask = 2147483647;
			dstPath = "";
			dstSubfolderSpec = 13;
			files = (
				EE9A1BBC2338C0A600210258 /* InfoPanelExtension.appex in Embed App Extensions */,
			);
			name = "Embed App Extensions";
			runOnlyForDeploymentPostprocessing = 0;
		};
/* End PBXCopyFilesBuildPhase section */

/* Begin PBXFileReference section */
		0D2AF64DC124690F9A93B6E0 /* Pods-InfoPanel.debug.xcconfig */ = {isa = PBXFileReference; includeInIndex = 1; lastKnownFileType = text.xcconfig; name = "Pods-InfoPanel.debug.xcconfig"; path = "Pods/Target Support Files/Pods-InfoPanel/Pods-InfoPanel.debug.xcconfig"; sourceTree = "<group>"; };
		113F6369225B84E100C711AC /* VideoFilesController.swift */ = {isa = PBXFileReference; lastKnownFileType = sourcecode.swift; path = VideoFilesController.swift; sourceTree = "<group>"; };
		11428E88225CA49C00B0628F /* ru */ = {isa = PBXFileReference; lastKnownFileType = text.plist.strings; name = ru; path = ru.lproj/Main.strings; sourceTree = "<group>"; };
		11428E8C225CA5E300B0628F /* ru */ = {isa = PBXFileReference; lastKnownFileType = text.plist.strings; name = ru; path = ru.lproj/Localizable.strings; sourceTree = "<group>"; };
		114E0BA72252029E0060AEA7 /* NMSSH.framework */ = {isa = PBXFileReference; explicitFileType = wrapper.framework; path = NMSSH.framework; sourceTree = BUILT_PRODUCTS_DIR; };
		1169AD9822500A3400DF6D47 /* InfoPanel.entitlements */ = {isa = PBXFileReference; lastKnownFileType = text.plist.entitlements; path = InfoPanel.entitlements; sourceTree = "<group>"; };
		1169AD9922500A3700DF6D47 /* CloudKit.framework */ = {isa = PBXFileReference; lastKnownFileType = wrapper.framework; name = CloudKit.framework; path = System/Library/Frameworks/CloudKit.framework; sourceTree = SDKROOT; };
		1169AD9F22500BD700DF6D47 /* Network.swift */ = {isa = PBXFileReference; fileEncoding = 4; lastKnownFileType = sourcecode.swift; path = Network.swift; sourceTree = "<group>"; };
		1169ADA122500BFB00DF6D47 /* StartViewController.swift */ = {isa = PBXFileReference; fileEncoding = 4; lastKnownFileType = sourcecode.swift; path = StartViewController.swift; sourceTree = "<group>"; };
		1169ADA322500C2600DF6D47 /* ViewController.swift */ = {isa = PBXFileReference; fileEncoding = 4; lastKnownFileType = sourcecode.swift; path = ViewController.swift; sourceTree = "<group>"; };
		11B5F7D42254A5620070A548 /* InfoPanels.swift */ = {isa = PBXFileReference; lastKnownFileType = sourcecode.swift; path = InfoPanels.swift; sourceTree = "<group>"; };
		11B5F7D92254D8030070A548 /* TaptickFeedback.swift */ = {isa = PBXFileReference; lastKnownFileType = sourcecode.swift; path = TaptickFeedback.swift; sourceTree = "<group>"; };
		11B8CEBE22648FBF00E59F86 /* Panel.swift */ = {isa = PBXFileReference; lastKnownFileType = sourcecode.swift; path = Panel.swift; sourceTree = "<group>"; };
		11D7EF3B2250088D00444321 /* InfoPanel.app */ = {isa = PBXFileReference; explicitFileType = wrapper.application; includeInIndex = 0; path = InfoPanel.app; sourceTree = BUILT_PRODUCTS_DIR; };
		11D7EF3E2250088D00444321 /* AppDelegate.swift */ = {isa = PBXFileReference; lastKnownFileType = sourcecode.swift; path = AppDelegate.swift; sourceTree = "<group>"; };
		11D7EF432250088D00444321 /* Base */ = {isa = PBXFileReference; lastKnownFileType = file.storyboard; name = Base; path = Base.lproj/Main.storyboard; sourceTree = "<group>"; };
		11D7EF452250088E00444321 /* Assets.xcassets */ = {isa = PBXFileReference; lastKnownFileType = folder.assetcatalog; path = Assets.xcassets; sourceTree = "<group>"; };
		11D7EF4A2250088E00444321 /* Info.plist */ = {isa = PBXFileReference; lastKnownFileType = text.plist.xml; path = Info.plist; sourceTree = "<group>"; };
		11F00907225767610055D548 /* PanelCellController.swift */ = {isa = PBXFileReference; lastKnownFileType = sourcecode.swift; path = PanelCellController.swift; sourceTree = "<group>"; };
		22DE8B82D3FC576BEF1D4300 /* Pods-InfoPanel.release.xcconfig */ = {isa = PBXFileReference; includeInIndex = 1; lastKnownFileType = text.xcconfig; name = "Pods-InfoPanel.release.xcconfig"; path = "Pods/Target Support Files/Pods-InfoPanel/Pods-InfoPanel.release.xcconfig"; sourceTree = "<group>"; };
		86A904EFC5FA8EB43C9799A4 /* Pods_InfoPanel.framework */ = {isa = PBXFileReference; explicitFileType = wrapper.framework; includeInIndex = 0; path = Pods_InfoPanel.framework; sourceTree = BUILT_PRODUCTS_DIR; };
		EE9A1BB22338C0A600210258 /* InfoPanelExtension.appex */ = {isa = PBXFileReference; explicitFileType = "wrapper.app-extension"; includeInIndex = 0; path = InfoPanelExtension.appex; sourceTree = BUILT_PRODUCTS_DIR; };
		EE9A1BB72338C0A600210258 /* Base */ = {isa = PBXFileReference; lastKnownFileType = file.storyboard; name = Base; path = Base.lproj/MainInterface.storyboard; sourceTree = "<group>"; };
		EE9A1BB92338C0A600210258 /* Info.plist */ = {isa = PBXFileReference; lastKnownFileType = text.plist.xml; path = Info.plist; sourceTree = "<group>"; };
		EEBD0A832338E432006487BC /* ShareViewController.swift */ = {isa = PBXFileReference; lastKnownFileType = sourcecode.swift; path = ShareViewController.swift; sourceTree = "<group>"; };
		EEC1DE4522EDC3C6007B5353 /* Launch Screen.storyboard */ = {isa = PBXFileReference; lastKnownFileType = file.storyboard; path = "Launch Screen.storyboard"; sourceTree = "<group>"; };
/* End PBXFileReference section */

/* Begin PBXFrameworksBuildPhase section */
		11D7EF382250088D00444321 /* Frameworks */ = {
			isa = PBXFrameworksBuildPhase;
			buildActionMask = 2147483647;
			files = (
				46731E0E7C595A17305174F5 /* Pods_InfoPanel.framework in Frameworks */,
				1169AD9A22500A3700DF6D47 /* CloudKit.framework in Frameworks */,
			);
			runOnlyForDeploymentPostprocessing = 0;
		};
		EE9A1BAF2338C0A600210258 /* Frameworks */ = {
			isa = PBXFrameworksBuildPhase;
			buildActionMask = 2147483647;
			files = (
			);
			runOnlyForDeploymentPostprocessing = 0;
		};
/* End PBXFrameworksBuildPhase section */

/* Begin PBXGroup section */
		1169AD9B22500A6900DF6D47 /* SupportFiles */ = {
			isa = PBXGroup;
			children = (
				11D7EF452250088E00444321 /* Assets.xcassets */,
				11428E8D225CA5E300B0628F /* Localizable.strings */,
				1169AD9822500A3400DF6D47 /* InfoPanel.entitlements */,
				11D7EF4A2250088E00444321 /* Info.plist */,
			);
			path = SupportFiles;
			sourceTree = "<group>";
		};
		1169AD9C22500A8C00DF6D47 /* View */ = {
			isa = PBXGroup;
			children = (
				11D7EF422250088D00444321 /* Main.storyboard */,
				EEC1DE4522EDC3C6007B5353 /* Launch Screen.storyboard */,
			);
			path = View;
			sourceTree = "<group>";
		};
		1169AD9D22500B4C00DF6D47 /* Controller */ = {
			isa = PBXGroup;
			children = (
				1169ADA122500BFB00DF6D47 /* StartViewController.swift */,
				1169ADA322500C2600DF6D47 /* ViewController.swift */,
				113F6369225B84E100C711AC /* VideoFilesController.swift */,
				11F00907225767610055D548 /* PanelCellController.swift */,
			);
			path = Controller;
			sourceTree = "<group>";
		};
		11B5F7D32254A5520070A548 /* Model */ = {
			isa = PBXGroup;
			children = (
				11B8CEBE22648FBF00E59F86 /* Panel.swift */,
				11B5F7D42254A5620070A548 /* InfoPanels.swift */,
				1169AD9F22500BD700DF6D47 /* Network.swift */,
				11B5F7D92254D8030070A548 /* TaptickFeedback.swift */,
			);
			path = Model;
			sourceTree = "<group>";
		};
		11D7EF322250088D00444321 = {
			isa = PBXGroup;
			children = (
				11D7EF3D2250088D00444321 /* InfoPanel */,
				EE9A1BB32338C0A600210258 /* InfoPanelExtension */,
				11D7EF3C2250088D00444321 /* Products */,
				4AD701D07E4A562DF5C462C1 /* Pods */,
				FE217496ACF546B60F625693 /* Frameworks */,
			);
			sourceTree = "<group>";
		};
		11D7EF3C2250088D00444321 /* Products */ = {
			isa = PBXGroup;
			children = (
				11D7EF3B2250088D00444321 /* InfoPanel.app */,
				EE9A1BB22338C0A600210258 /* InfoPanelExtension.appex */,
			);
			name = Products;
			sourceTree = "<group>";
		};
		11D7EF3D2250088D00444321 /* InfoPanel */ = {
			isa = PBXGroup;
			children = (
				11D7EF3E2250088D00444321 /* AppDelegate.swift */,
				11B5F7D32254A5520070A548 /* Model */,
				1169AD9C22500A8C00DF6D47 /* View */,
				1169AD9D22500B4C00DF6D47 /* Controller */,
				1169AD9B22500A6900DF6D47 /* SupportFiles */,
			);
			path = InfoPanel;
			sourceTree = "<group>";
		};
		4AD701D07E4A562DF5C462C1 /* Pods */ = {
			isa = PBXGroup;
			children = (
				0D2AF64DC124690F9A93B6E0 /* Pods-InfoPanel.debug.xcconfig */,
				22DE8B82D3FC576BEF1D4300 /* Pods-InfoPanel.release.xcconfig */,
			);
			name = Pods;
			sourceTree = "<group>";
		};
		EE9A1BB32338C0A600210258 /* InfoPanelExtension */ = {
			isa = PBXGroup;
			children = (
				EE9A1BB62338C0A600210258 /* MainInterface.storyboard */,
				EEBD0A832338E432006487BC /* ShareViewController.swift */,
				EE9A1BB92338C0A600210258 /* Info.plist */,
			);
			path = InfoPanelExtension;
			sourceTree = "<group>";
		};
		FE217496ACF546B60F625693 /* Frameworks */ = {
			isa = PBXGroup;
			children = (
				114E0BA72252029E0060AEA7 /* NMSSH.framework */,
				1169AD9922500A3700DF6D47 /* CloudKit.framework */,
				86A904EFC5FA8EB43C9799A4 /* Pods_InfoPanel.framework */,
			);
			name = Frameworks;
			sourceTree = "<group>";
		};
/* End PBXGroup section */

/* Begin PBXNativeTarget section */
		11D7EF3A2250088D00444321 /* InfoPanel */ = {
			isa = PBXNativeTarget;
			buildConfigurationList = 11D7EF4D2250088E00444321 /* Build configuration list for PBXNativeTarget "InfoPanel" */;
			buildPhases = (
				F858CD624D22FD5391204729 /* [CP] Check Pods Manifest.lock */,
				11D7EF372250088D00444321 /* Sources */,
				11D7EF382250088D00444321 /* Frameworks */,
				11D7EF392250088D00444321 /* Resources */,
				C49DCA5609AF35BF7F6F6DE5 /* [CP] Embed Pods Frameworks */,
				EE9A1BBD2338C0A600210258 /* Embed App Extensions */,
			);
			buildRules = (
			);
			dependencies = (
				EE9A1BBB2338C0A600210258 /* PBXTargetDependency */,
			);
			name = InfoPanel;
			productName = InfoPanel;
			productReference = 11D7EF3B2250088D00444321 /* InfoPanel.app */;
			productType = "com.apple.product-type.application";
		};
		EE9A1BB12338C0A600210258 /* InfoPanelExtension */ = {
			isa = PBXNativeTarget;
			buildConfigurationList = EE9A1BC02338C0A600210258 /* Build configuration list for PBXNativeTarget "InfoPanelExtension" */;
			buildPhases = (
				EE9A1BAE2338C0A600210258 /* Sources */,
				EE9A1BAF2338C0A600210258 /* Frameworks */,
				EE9A1BB02338C0A600210258 /* Resources */,
			);
			buildRules = (
			);
			dependencies = (
			);
			name = InfoPanelExtension;
			productName = InfoPanelExtension;
			productReference = EE9A1BB22338C0A600210258 /* InfoPanelExtension.appex */;
			productType = "com.apple.product-type.app-extension";
		};
/* End PBXNativeTarget section */

/* Begin PBXProject section */
		11D7EF332250088D00444321 /* Project object */ = {
			isa = PBXProject;
			attributes = {
				LastSwiftUpdateCheck = 1100;
				LastUpgradeCheck = 1020;
				ORGANIZATIONNAME = "Александр Омельчук";
				TargetAttributes = {
					11D7EF3A2250088D00444321 = {
						CreatedOnToolsVersion = 10.2;
						LastSwiftMigration = 1020;
						SystemCapabilities = {
							com.apple.Push = {
								enabled = 0;
							};
							com.apple.iCloud = {
								enabled = 1;
							};
						};
					};
					EE9A1BB12338C0A600210258 = {
						CreatedOnToolsVersion = 11.0;
					};
				};
			};
			buildConfigurationList = 11D7EF362250088D00444321 /* Build configuration list for PBXProject "InfoPanel" */;
			compatibilityVersion = "Xcode 9.3";
			developmentRegion = en;
			hasScannedForEncodings = 0;
			knownRegions = (
				en,
				Base,
				ru,
			);
			mainGroup = 11D7EF322250088D00444321;
			productRefGroup = 11D7EF3C2250088D00444321 /* Products */;
			projectDirPath = "";
			projectRoot = "";
			targets = (
				11D7EF3A2250088D00444321 /* InfoPanel */,
				EE9A1BB12338C0A600210258 /* InfoPanelExtension */,
			);
		};
/* End PBXProject section */

/* Begin PBXResourcesBuildPhase section */
		11D7EF392250088D00444321 /* Resources */ = {
			isa = PBXResourcesBuildPhase;
			buildActionMask = 2147483647;
			files = (
				11D7EF462250088E00444321 /* Assets.xcassets in Resources */,
				11428E8B225CA5E300B0628F /* Localizable.strings in Resources */,
				EEC1DE4622EDC3C6007B5353 /* Launch Screen.storyboard in Resources */,
				11D7EF442250088D00444321 /* Main.storyboard in Resources */,
			);
			runOnlyForDeploymentPostprocessing = 0;
		};
		EE9A1BB02338C0A600210258 /* Resources */ = {
			isa = PBXResourcesBuildPhase;
			buildActionMask = 2147483647;
			files = (
				EE9A1BB82338C0A600210258 /* MainInterface.storyboard in Resources */,
			);
			runOnlyForDeploymentPostprocessing = 0;
		};
/* End PBXResourcesBuildPhase section */

/* Begin PBXShellScriptBuildPhase section */
		C49DCA5609AF35BF7F6F6DE5 /* [CP] Embed Pods Frameworks */ = {
			isa = PBXShellScriptBuildPhase;
			buildActionMask = 2147483647;
			files = (
			);
			inputFileListPaths = (
				"${PODS_ROOT}/Target Support Files/Pods-InfoPanel/Pods-InfoPanel-frameworks-${CONFIGURATION}-input-files.xcfilelist",
			);
			name = "[CP] Embed Pods Frameworks";
			outputFileListPaths = (
				"${PODS_ROOT}/Target Support Files/Pods-InfoPanel/Pods-InfoPanel-frameworks-${CONFIGURATION}-output-files.xcfilelist",
			);
			runOnlyForDeploymentPostprocessing = 0;
			shellPath = /bin/sh;
			shellScript = "\"${PODS_ROOT}/Target Support Files/Pods-InfoPanel/Pods-InfoPanel-frameworks.sh\"\n";
			showEnvVarsInLog = 0;
		};
		F858CD624D22FD5391204729 /* [CP] Check Pods Manifest.lock */ = {
			isa = PBXShellScriptBuildPhase;
			buildActionMask = 2147483647;
			files = (
			);
			inputFileListPaths = (
			);
			inputPaths = (
				"${PODS_PODFILE_DIR_PATH}/Podfile.lock",
				"${PODS_ROOT}/Manifest.lock",
			);
			name = "[CP] Check Pods Manifest.lock";
			outputFileListPaths = (
			);
			outputPaths = (
				"$(DERIVED_FILE_DIR)/Pods-InfoPanel-checkManifestLockResult.txt",
			);
			runOnlyForDeploymentPostprocessing = 0;
			shellPath = /bin/sh;
			shellScript = "diff \"${PODS_PODFILE_DIR_PATH}/Podfile.lock\" \"${PODS_ROOT}/Manifest.lock\" > /dev/null\nif [ $? != 0 ] ; then\n    # print error to STDERR\n    echo \"error: The sandbox is not in sync with the Podfile.lock. Run 'pod install' or update your CocoaPods installation.\" >&2\n    exit 1\nfi\n# This output is used by Xcode 'outputs' to avoid re-running this script phase.\necho \"SUCCESS\" > \"${SCRIPT_OUTPUT_FILE_0}\"\n";
			showEnvVarsInLog = 0;
		};
/* End PBXShellScriptBuildPhase section */

/* Begin PBXSourcesBuildPhase section */
		11D7EF372250088D00444321 /* Sources */ = {
			isa = PBXSourcesBuildPhase;
			buildActionMask = 2147483647;
			files = (
				11B5F7D52254A5620070A548 /* InfoPanels.swift in Sources */,
				113F636A225B84E100C711AC /* VideoFilesController.swift in Sources */,
				1169ADA222500BFC00DF6D47 /* StartViewController.swift in Sources */,
				11D7EF3F2250088D00444321 /* AppDelegate.swift in Sources */,
				11B5F7DA2254D8030070A548 /* TaptickFeedback.swift in Sources */,
				1169ADA422500C2600DF6D47 /* ViewController.swift in Sources */,
				11F00908225767610055D548 /* PanelCellController.swift in Sources */,
				1169ADA022500BD700DF6D47 /* Network.swift in Sources */,
				11B8CEBF22648FBF00E59F86 /* Panel.swift in Sources */,
			);
			runOnlyForDeploymentPostprocessing = 0;
		};
		EE9A1BAE2338C0A600210258 /* Sources */ = {
			isa = PBXSourcesBuildPhase;
			buildActionMask = 2147483647;
			files = (
				EEBD0A842338E432006487BC /* ShareViewController.swift in Sources */,
			);
			runOnlyForDeploymentPostprocessing = 0;
		};
/* End PBXSourcesBuildPhase section */

/* Begin PBXTargetDependency section */
		EE9A1BBB2338C0A600210258 /* PBXTargetDependency */ = {
			isa = PBXTargetDependency;
			target = EE9A1BB12338C0A600210258 /* InfoPanelExtension */;
			targetProxy = EE9A1BBA2338C0A600210258 /* PBXContainerItemProxy */;
		};
/* End PBXTargetDependency section */

/* Begin PBXVariantGroup section */
		11428E8D225CA5E300B0628F /* Localizable.strings */ = {
			isa = PBXVariantGroup;
			children = (
				11428E8C225CA5E300B0628F /* ru */,
			);
			name = Localizable.strings;
			sourceTree = "<group>";
		};
		11D7EF422250088D00444321 /* Main.storyboard */ = {
			isa = PBXVariantGroup;
			children = (
				11D7EF432250088D00444321 /* Base */,
				11428E88225CA49C00B0628F /* ru */,
			);
			name = Main.storyboard;
			sourceTree = "<group>";
		};
		EE9A1BB62338C0A600210258 /* MainInterface.storyboard */ = {
			isa = PBXVariantGroup;
			children = (
				EE9A1BB72338C0A600210258 /* Base */,
			);
			name = MainInterface.storyboard;
			sourceTree = "<group>";
		};
/* End PBXVariantGroup section */

/* Begin XCBuildConfiguration section */
		11D7EF4B2250088E00444321 /* Debug */ = {
			isa = XCBuildConfiguration;
			buildSettings = {
				ALWAYS_SEARCH_USER_PATHS = NO;
				CLANG_ANALYZER_LOCALIZABILITY_NONLOCALIZED = YES;
				CLANG_ANALYZER_NONNULL = YES;
				CLANG_ANALYZER_NUMBER_OBJECT_CONVERSION = YES_AGGRESSIVE;
				CLANG_CXX_LANGUAGE_STANDARD = "gnu++14";
				CLANG_CXX_LIBRARY = "libc++";
				CLANG_ENABLE_MODULES = YES;
				CLANG_ENABLE_OBJC_ARC = YES;
				CLANG_ENABLE_OBJC_WEAK = YES;
				CLANG_WARN_BLOCK_CAPTURE_AUTORELEASING = YES;
				CLANG_WARN_BOOL_CONVERSION = YES;
				CLANG_WARN_COMMA = YES;
				CLANG_WARN_CONSTANT_CONVERSION = YES;
				CLANG_WARN_DEPRECATED_OBJC_IMPLEMENTATIONS = YES;
				CLANG_WARN_DIRECT_OBJC_ISA_USAGE = YES_ERROR;
				CLANG_WARN_DOCUMENTATION_COMMENTS = YES;
				CLANG_WARN_EMPTY_BODY = YES;
				CLANG_WARN_ENUM_CONVERSION = YES;
				CLANG_WARN_INFINITE_RECURSION = YES;
				CLANG_WARN_INT_CONVERSION = YES;
				CLANG_WARN_NON_LITERAL_NULL_CONVERSION = YES;
				CLANG_WARN_OBJC_IMPLICIT_RETAIN_SELF = YES;
				CLANG_WARN_OBJC_LITERAL_CONVERSION = YES;
				CLANG_WARN_OBJC_ROOT_CLASS = YES_ERROR;
				CLANG_WARN_RANGE_LOOP_ANALYSIS = YES;
				CLANG_WARN_STRICT_PROTOTYPES = YES;
				CLANG_WARN_SUSPICIOUS_MOVE = YES;
				CLANG_WARN_UNGUARDED_AVAILABILITY = YES_AGGRESSIVE;
				CLANG_WARN_UNREACHABLE_CODE = YES;
				CLANG_WARN__DUPLICATE_METHOD_MATCH = YES;
				CODE_SIGN_IDENTITY = "iPhone Developer";
				COPY_PHASE_STRIP = NO;
				DEBUG_INFORMATION_FORMAT = dwarf;
				ENABLE_STRICT_OBJC_MSGSEND = YES;
				ENABLE_TESTABILITY = YES;
				GCC_C_LANGUAGE_STANDARD = gnu11;
				GCC_DYNAMIC_NO_PIC = NO;
				GCC_NO_COMMON_BLOCKS = YES;
				GCC_OPTIMIZATION_LEVEL = 0;
				GCC_PREPROCESSOR_DEFINITIONS = (
					"DEBUG=1",
					"$(inherited)",
				);
				GCC_WARN_64_TO_32_BIT_CONVERSION = YES;
				GCC_WARN_ABOUT_RETURN_TYPE = YES_ERROR;
				GCC_WARN_UNDECLARED_SELECTOR = YES;
				GCC_WARN_UNINITIALIZED_AUTOS = YES_AGGRESSIVE;
				GCC_WARN_UNUSED_FUNCTION = YES;
				GCC_WARN_UNUSED_VARIABLE = YES;
				IPHONEOS_DEPLOYMENT_TARGET = 10.0;
				MTL_ENABLE_DEBUG_INFO = INCLUDE_SOURCE;
				MTL_FAST_MATH = YES;
				ONLY_ACTIVE_ARCH = YES;
				SDKROOT = iphoneos;
				SWIFT_ACTIVE_COMPILATION_CONDITIONS = DEBUG;
				SWIFT_OPTIMIZATION_LEVEL = "-Onone";
			};
			name = Debug;
		};
		11D7EF4C2250088E00444321 /* Release */ = {
			isa = XCBuildConfiguration;
			buildSettings = {
				ALWAYS_SEARCH_USER_PATHS = NO;
				CLANG_ANALYZER_LOCALIZABILITY_NONLOCALIZED = YES;
				CLANG_ANALYZER_NONNULL = YES;
				CLANG_ANALYZER_NUMBER_OBJECT_CONVERSION = YES_AGGRESSIVE;
				CLANG_CXX_LANGUAGE_STANDARD = "gnu++14";
				CLANG_CXX_LIBRARY = "libc++";
				CLANG_ENABLE_MODULES = YES;
				CLANG_ENABLE_OBJC_ARC = YES;
				CLANG_ENABLE_OBJC_WEAK = YES;
				CLANG_WARN_BLOCK_CAPTURE_AUTORELEASING = YES;
				CLANG_WARN_BOOL_CONVERSION = YES;
				CLANG_WARN_COMMA = YES;
				CLANG_WARN_CONSTANT_CONVERSION = YES;
				CLANG_WARN_DEPRECATED_OBJC_IMPLEMENTATIONS = YES;
				CLANG_WARN_DIRECT_OBJC_ISA_USAGE = YES_ERROR;
				CLANG_WARN_DOCUMENTATION_COMMENTS = YES;
				CLANG_WARN_EMPTY_BODY = YES;
				CLANG_WARN_ENUM_CONVERSION = YES;
				CLANG_WARN_INFINITE_RECURSION = YES;
				CLANG_WARN_INT_CONVERSION = YES;
				CLANG_WARN_NON_LITERAL_NULL_CONVERSION = YES;
				CLANG_WARN_OBJC_IMPLICIT_RETAIN_SELF = YES;
				CLANG_WARN_OBJC_LITERAL_CONVERSION = YES;
				CLANG_WARN_OBJC_ROOT_CLASS = YES_ERROR;
				CLANG_WARN_RANGE_LOOP_ANALYSIS = YES;
				CLANG_WARN_STRICT_PROTOTYPES = YES;
				CLANG_WARN_SUSPICIOUS_MOVE = YES;
				CLANG_WARN_UNGUARDED_AVAILABILITY = YES_AGGRESSIVE;
				CLANG_WARN_UNREACHABLE_CODE = YES;
				CLANG_WARN__DUPLICATE_METHOD_MATCH = YES;
				CODE_SIGN_IDENTITY = "iPhone Developer";
				COPY_PHASE_STRIP = NO;
				DEBUG_INFORMATION_FORMAT = "dwarf-with-dsym";
				ENABLE_NS_ASSERTIONS = NO;
				ENABLE_STRICT_OBJC_MSGSEND = YES;
				GCC_C_LANGUAGE_STANDARD = gnu11;
				GCC_NO_COMMON_BLOCKS = YES;
				GCC_WARN_64_TO_32_BIT_CONVERSION = YES;
				GCC_WARN_ABOUT_RETURN_TYPE = YES_ERROR;
				GCC_WARN_UNDECLARED_SELECTOR = YES;
				GCC_WARN_UNINITIALIZED_AUTOS = YES_AGGRESSIVE;
				GCC_WARN_UNUSED_FUNCTION = YES;
				GCC_WARN_UNUSED_VARIABLE = YES;
				IPHONEOS_DEPLOYMENT_TARGET = 10.0;
				MTL_ENABLE_DEBUG_INFO = NO;
				MTL_FAST_MATH = YES;
				SDKROOT = iphoneos;
				SWIFT_COMPILATION_MODE = wholemodule;
				SWIFT_OPTIMIZATION_LEVEL = "-O";
				VALIDATE_PRODUCT = YES;
			};
			name = Release;
		};
		11D7EF4E2250088E00444321 /* Debug */ = {
			isa = XCBuildConfiguration;
			baseConfigurationReference = 0D2AF64DC124690F9A93B6E0 /* Pods-InfoPanel.debug.xcconfig */;
			buildSettings = {
				ALWAYS_EMBED_SWIFT_STANDARD_LIBRARIES = YES;
				ASSETCATALOG_COMPILER_APPICON_NAME = AppIcon;
				CODE_SIGN_ENTITLEMENTS = InfoPanel/SupportFiles/InfoPanel.entitlements;
				CODE_SIGN_STYLE = Automatic;
				DEVELOPMENT_TEAM = GR7A3F4BM7;
				INFOPLIST_FILE = "$(SRCROOT)/InfoPanel/SupportFiles/Info.plist";
				IPHONEOS_DEPLOYMENT_TARGET = 10.0;
				LD_RUNPATH_SEARCH_PATHS = (
					"$(inherited)",
					"@executable_path/Frameworks",
				);
				PRODUCT_BUNDLE_IDENTIFIER = AlexCattivo.InfoPanel;
				PRODUCT_NAME = "$(TARGET_NAME)";
				SWIFT_VERSION = 4.2;
				TARGETED_DEVICE_FAMILY = 1;
			};
			name = Debug;
		};
		11D7EF4F2250088E00444321 /* Release */ = {
			isa = XCBuildConfiguration;
			baseConfigurationReference = 22DE8B82D3FC576BEF1D4300 /* Pods-InfoPanel.release.xcconfig */;
			buildSettings = {
				ALWAYS_EMBED_SWIFT_STANDARD_LIBRARIES = YES;
				ASSETCATALOG_COMPILER_APPICON_NAME = AppIcon;
				CODE_SIGN_ENTITLEMENTS = InfoPanel/SupportFiles/InfoPanel.entitlements;
				CODE_SIGN_STYLE = Automatic;
				DEVELOPMENT_TEAM = GR7A3F4BM7;
				INFOPLIST_FILE = "$(SRCROOT)/InfoPanel/SupportFiles/Info.plist";
				IPHONEOS_DEPLOYMENT_TARGET = 10.0;
				LD_RUNPATH_SEARCH_PATHS = (
					"$(inherited)",
					"@executable_path/Frameworks",
				);
				PRODUCT_BUNDLE_IDENTIFIER = AlexCattivo.InfoPanel;
				PRODUCT_NAME = "$(TARGET_NAME)";
				SWIFT_VERSION = 4.2;
				TARGETED_DEVICE_FAMILY = 1;
			};
			name = Release;
		};
		EE9A1BBE2338C0A600210258 /* Debug */ = {
			isa = XCBuildConfiguration;
			buildSettings = {
				CODE_SIGN_STYLE = Automatic;
				DEVELOPMENT_TEAM = GR7A3F4BM7;
				INFOPLIST_FILE = InfoPanelExtension/Info.plist;
				IPHONEOS_DEPLOYMENT_TARGET = 13.0;
				LD_RUNPATH_SEARCH_PATHS = (
					"$(inherited)",
					"@executable_path/Frameworks",
					"@executable_path/../../Frameworks",
				);
				PRODUCT_BUNDLE_IDENTIFIER = AlexCattivo.InfoPanel.InfoPanelExtension;
				PRODUCT_NAME = "$(TARGET_NAME)";
				SKIP_INSTALL = YES;
				SWIFT_VERSION = 5.0;
				TARGETED_DEVICE_FAMILY = "1,2";
			};
			name = Debug;
		};
		EE9A1BBF2338C0A600210258 /* Release */ = {
			isa = XCBuildConfiguration;
			buildSettings = {
				CODE_SIGN_STYLE = Automatic;
				DEVELOPMENT_TEAM = GR7A3F4BM7;
				INFOPLIST_FILE = InfoPanelExtension/Info.plist;
				IPHONEOS_DEPLOYMENT_TARGET = 13.0;
				LD_RUNPATH_SEARCH_PATHS = (
					"$(inherited)",
					"@executable_path/Frameworks",
					"@executable_path/../../Frameworks",
				);
				PRODUCT_BUNDLE_IDENTIFIER = AlexCattivo.InfoPanel.InfoPanelExtension;
				PRODUCT_NAME = "$(TARGET_NAME)";
				SKIP_INSTALL = YES;
				SWIFT_VERSION = 5.0;
				TARGETED_DEVICE_FAMILY = "1,2";
			};
			name = Release;
		};
/* End XCBuildConfiguration section */

/* Begin XCConfigurationList section */
		11D7EF362250088D00444321 /* Build configuration list for PBXProject "InfoPanel" */ = {
			isa = XCConfigurationList;
			buildConfigurations = (
				11D7EF4B2250088E00444321 /* Debug */,
				11D7EF4C2250088E00444321 /* Release */,
			);
			defaultConfigurationIsVisible = 0;
			defaultConfigurationName = Release;
		};
		11D7EF4D2250088E00444321 /* Build configuration list for PBXNativeTarget "InfoPanel" */ = {
			isa = XCConfigurationList;
			buildConfigurations = (
				11D7EF4E2250088E00444321 /* Debug */,
				11D7EF4F2250088E00444321 /* Release */,
			);
			defaultConfigurationIsVisible = 0;
			defaultConfigurationName = Release;
		};
		EE9A1BC02338C0A600210258 /* Build configuration list for PBXNativeTarget "InfoPanelExtension" */ = {
			isa = XCConfigurationList;
			buildConfigurations = (
				EE9A1BBE2338C0A600210258 /* Debug */,
				EE9A1BBF2338C0A600210258 /* Release */,
			);
			defaultConfigurationIsVisible = 0;
			defaultConfigurationName = Release;
		};
/* End XCConfigurationList section */
	};
	rootObject = 11D7EF332250088D00444321 /* Project object */;
}
